
Microsoft Visual Studio Solution File, Format Version 12.00
# Visual Studio Version 16
VisualStudioVersion = 16.0.30907.101
MinimumVisualStudioVersion = 10.0.40219.1
Project("{FAE04EC0-301F-11D3-BF4B-00C04F79EFBC}") = "ProteinHero", "ProteinHero\ProteinHero.csproj", "{4859E26A-4312-4999-855B-8C6DCF8BD60D}"
EndProject
Global
	GlobalSection(SolutionConfigurationPlatforms) = preSolution
		Debug|Any CPU = Debug|Any CPU
		Release|Any CPU = Release|Any CPU
	EndGlobalSection
	GlobalSection(ProjectConfigurationPlatforms) = postSolution
		{4859E26A-4312-4999-855B-8C6DCF8BD60D}.Debug|Any CPU.ActiveCfg = Debug|Any CPU
		{4859E26A-4312-4999-855B-8C6DCF8BD60D}.Debug|Any CPU.Build.0 = Debug|Any CPU
		{4859E26A-4312-4999-855B-8C6DCF8BD60D}.Release|Any CPU.ActiveCfg = Release|Any CPU
		{4859E26A-4312-4999-855B-8C6DCF8BD60D}.Release|Any CPU.Build.0 = Release|Any CPU
	EndGlobalSection
	GlobalSection(SolutionProperties) = preSolution
		HideSolutionNode = FALSE
	EndGlobalSection
	GlobalSection(ExtensibilityGlobals) = postSolution
		SolutionGuid = {75B49440-23F9-4B1C-84C1-1CFA2B36F711}
	EndGlobalSection
EndGlobal
